
Microsoft Visual Studio Solution File, Format Version 12.00
# Visual Studio Version 17
VisualStudioVersion = 17.9.34622.214
MinimumVisualStudioVersion = 10.0.40219.1
Project("{FAE04EC0-301F-11D3-BF4B-00C04F79EFBC}") = "KidKinderYeni", "KidKinderYeni\KidKinderYeni.csproj", "{987716E4-D157-4024-818A-0EBDAE87497B}"
EndProject
Global
	GlobalSection(SolutionConfigurationPlatforms) = preSolution
		Debug|Any CPU = Debug|Any CPU
		Release|Any CPU = Release|Any CPU
	EndGlobalSection
	GlobalSection(ProjectConfigurationPlatforms) = postSolution
		{987716E4-D157-4024-818A-0EBDAE87497B}.Debug|Any CPU.ActiveCfg = Debug|Any CPU
		{987716E4-D157-4024-818A-0EBDAE87497B}.Debug|Any CPU.Build.0 = Debug|Any CPU
		{987716E4-D157-4024-818A-0EBDAE87497B}.Release|Any CPU.ActiveCfg = Release|Any CPU
		{987716E4-D157-4024-818A-0EBDAE87497B}.Release|Any CPU.Build.0 = Release|Any CPU
	EndGlobalSection
	GlobalSection(SolutionProperties) = preSolution
		HideSolutionNode = FALSE
	EndGlobalSection
	GlobalSection(ExtensibilityGlobals) = postSolution
		SolutionGuid = {BC2EF364-9101-4B7B-810A-21F2793A5467}
	EndGlobalSection
EndGlobal
